#MicroXplorer Configuration settings - do not modify
File.Version=5
KeepUserPlacement=true
Mcu.Family=STM32F3
Mcu.IP0=NVIC
Mcu.IP1=RCC
Mcu.IP10=USART1
Mcu.IP2=SYS
Mcu.IP3=TIM1
Mcu.IP4=TIM2
Mcu.IP5=TIM3
Mcu.IP6=TIM6
Mcu.IP7=TIM15
Mcu.IP8=TIM16
Mcu.IP9=TIM17
Mcu.IPNb=11
Mcu.Name=STM32F303K(6-8)Tx
Mcu.Package=LQFP32
Mcu.Pin0=PF0 / OSC_IN
Mcu.Pin1=PA0
Mcu.Pin10=PB3
Mcu.Pin11=PB4
Mcu.Pin12=VP_TIM1_VS_ControllerModeReset
Mcu.Pin13=VP_TIM1_VS_ClockSourceINT
Mcu.Pin14=VP_TIM2_VS_ControllerModeReset
Mcu.Pin15=VP_TIM2_VS_ClockSourceINT
Mcu.Pin16=VP_TIM3_VS_ControllerModeReset
Mcu.Pin17=VP_TIM3_VS_ClockSourceINT
Mcu.Pin18=VP_TIM6_VS_ClockSourceINT
Mcu.Pin19=VP_TIM15_VS_ControllerModeReset
Mcu.Pin2=PA2
Mcu.Pin20=VP_TIM15_VS_ClockSourceINT
Mcu.Pin21=VP_TIM16_VS_ClockSourceINT
Mcu.Pin22=VP_TIM16_VS_OPM
Mcu.Pin23=VP_TIM17_VS_ClockSourceINT
Mcu.Pin24=VP_TIM17_VS_OPM
Mcu.Pin3=PA6
Mcu.Pin4=PA7
Mcu.Pin5=PA8
Mcu.Pin6=PA9
Mcu.Pin7=PA10
Mcu.Pin8=PA13
Mcu.Pin9=PA14
Mcu.PinsNb=25
Mcu.UserConstants=
Mcu.UserName=STM32F303K8Tx
MxCube.Version=4.12.0
MxDb.Version=DB.4.0.120
NVIC.PriorityGroup=NVIC_PRIORITYGROUP_4
NVIC.SysTick_IRQn=true\:0\:0\:false
NVIC.TIM1_BRK_TIM15_IRQn=true\:0\:0\:false
NVIC.TIM1_CC_IRQn=true\:0\:0\:false
NVIC.TIM2_IRQn=true\:0\:0\:false
NVIC.TIM3_IRQn=true\:0\:0\:false
NVIC.TIM6_DAC1_IRQn=true\:0\:0\:false
NVIC.USART1_IRQn=true\:0\:0\:false
PA0.GPIOParameters=GPIO_Label
PA0.GPIO_Label=ECHO_SONAR_1
PA0.Locked=true
PA0.Signal=S_TIM2_CH1_ETR
PA10.Locked=true
PA10.Mode=Asynchronous
PA10.Signal=USART1_RX
PA13.GPIOParameters=GPIO_Label
PA13.GPIO_Label=SWDIO
PA13.Locked=true
PA13.Mode=Serial-Wire
PA13.Signal=SYS_JTMS-SWDIO
PA14.GPIOParameters=GPIO_Label
PA14.GPIO_Label=SWCLK
PA14.Locked=true
PA14.Mode=Serial-Wire
PA14.Signal=SYS_JTCK-SWCLK
PA2.GPIOParameters=GPIO_Label
PA2.GPIO_Label=ECHO_SONAR_3
PA2.Locked=true
PA2.Signal=S_TIM15_CH1
PA6.GPIOParameters=GPIO_Label
PA6.GPIO_Label=TRIGGER_SONAR_0-2
PA6.Locked=true
PA6.Signal=S_TIM16_CH1
PA7.GPIOParameters=GPIO_Label
PA7.GPIO_Label=TRIGGER_SONAR_1-3
PA7.Locked=true
PA7.Signal=S_TIM17_CH1
PA8.GPIOParameters=GPIO_Label
PA8.GPIO_Label=ECHO_SONAR_0
PA8.Locked=true
PA8.Signal=S_TIM1_CH1
PA9.Locked=true
PA9.Mode=Asynchronous
PA9.Signal=USART1_TX
PB3.GPIOParameters=GPIO_Label
PB3.GPIO_Label=LD3
PB3.Locked=true
PB3.Signal=GPIO_Output
PB4.GPIOParameters=GPIO_Label
PB4.GPIO_Label=ECHO_SONAR_2
PB4.Locked=true
PB4.Signal=S_TIM3_CH1
PCC.Checker=false
PCC.Line=STM32F303
PCC.MCU=STM32F303K(6-8)Tx
PCC.MXVersion=4.12.0
PCC.PartNumber=STM32F303K8Tx
PCC.Seq0=0
PCC.Series=STM32F3
PCC.Temperature=25
PCC.Vdd=3.6
PF0\ /\ OSC_IN.GPIOParameters=GPIO_Label
PF0\ /\ OSC_IN.GPIO_Label=MCO
PF0\ /\ OSC_IN.Locked=true
PF0\ /\ OSC_IN.Signal=RCC_OSC_IN
ProjectManager.AskForMigrate=true
ProjectManager.BackupPrevious=true
ProjectManager.CompilerOptimize=2
ProjectManager.ComputerToolchain=false
ProjectManager.CoupleFile=true
ProjectManager.DeletePrevious=true
ProjectManager.DeviceId=STM32F303K8Tx
ProjectManager.FirmwarePackage=STM32Cube FW_F3 V1.4.0
ProjectManager.FreePins=false
ProjectManager.HalAssertFull=true
ProjectManager.KeepUserCode=true
ProjectManager.LastFirmware=true
ProjectManager.LibraryCopy=0
ProjectManager.ProjectBuild=false
ProjectManager.ProjectFileName=SonarBoard32.ioc
ProjectManager.ProjectName=SonarBoard32
ProjectManager.TargetToolchain=EWARM
ProjectManager.ToolChainLocation=
RCC.ADC12outputFreq_Value=64000000
RCC.AHBFreq_Value=64000000
RCC.APB1CLKDivider=RCC_HCLK_DIV2
RCC.APB1Freq_Value=32000000
RCC.APB1TimFreq_Value=64000000
RCC.APB2Freq_Value=64000000
RCC.APB2TimFreq_Value=64000000
RCC.CECFreq_Value=32786.88524590164
RCC.CortexFreq_Value=64000000
RCC.FCLKCortexFreq_Value=64000000
RCC.FamilyName=M
RCC.HCLKFreq_Value=64000000
RCC.HSEPLLFreq_Value=8000000
RCC.HSE_VALUE=8000000
RCC.HSICECFreq_Value=32786.88524590164
RCC.HSIPLLFreq_Value=4000000
RCC.HSI_VALUE=8000000
RCC.I2C1Freq_Value=8000000
RCC.IPParameters=FamilyName,HSICECFreq_Value,CECFreq_Value,PLLCLKFreq_Value,PLLMCOFreq_Value,VCOOutput2Freq_Value,TimSysFreq_Value,HSE_VALUE,HSEPLLFreq_Value,RTCHSEDivFreq_Value,LSI_VALUE,HSI_VALUE,HSIPLLFreq_Value,SYSCLKFreq_VALUE,AHBFreq_Value,CortexFreq_Value,APB1Freq_Value,USART1Freq_Value,USART2Freq_Value,APB2Freq_Value,TIM2Freq_Value,I2C1Freq_Value,RTCFreq_Value,SYSCLKSourceVirtual,ADC12outputFreq_Value,HCLKFreq_Value,FCLKCortexFreq_Value,APB1TimFreq_Value,APB2TimFreq_Value,TIM1Freq_Value,MCOFreq_Value,PLLMUL,APB1CLKDivider
RCC.LSI_VALUE=40000
RCC.MCOFreq_Value=64000000
RCC.PLLCLKFreq_Value=64000000
RCC.PLLMCOFreq_Value=64000000
RCC.PLLMUL=RCC_PLL_MUL16
RCC.RTCFreq_Value=40000
RCC.RTCHSEDivFreq_Value=250000
RCC.SYSCLKFreq_VALUE=64000000
RCC.SYSCLKSourceVirtual=RCC_SYSCLKSOURCE_PLLCLK
RCC.TIM1Freq_Value=64000000
RCC.TIM2Freq_Value=64000000
RCC.TimSysFreq_Value=8000000
RCC.USART1Freq_Value=32000000
RCC.USART2Freq_Value=32000000
RCC.VCOOutput2Freq_Value=4000000
SH.S_TIM15_CH1.0=TIM15_CH1,Input_Capture1_from_TI1
SH.S_TIM15_CH1.1=TIM15_CH1,Input_Capture2_from_TI1
SH.S_TIM15_CH1.2=TIM15_CH1,TriggerSource_TI1FP1
SH.S_TIM15_CH1.ConfNb=3
SH.S_TIM16_CH1.0=TIM16_CH1,PWM Generation1 CH1
SH.S_TIM16_CH1.ConfNb=1
SH.S_TIM17_CH1.0=TIM17_CH1,PWM Generation1 CH1
SH.S_TIM17_CH1.ConfNb=1
SH.S_TIM1_CH1.0=TIM1_CH1,TriggerSource_TI1FP1
SH.S_TIM1_CH1.1=TIM1_CH1,Input_Capture1_from_TI1
SH.S_TIM1_CH1.2=TIM1_CH1,Input_Capture2_from_TI1
SH.S_TIM1_CH1.ConfNb=3
SH.S_TIM2_CH1_ETR.0=TIM2_CH1,TriggerSource_TI1FP1
SH.S_TIM2_CH1_ETR.1=TIM2_CH1,Input_Capture1_from_TI1
SH.S_TIM2_CH1_ETR.2=TIM2_CH1,Input_Capture2_from_TI1
SH.S_TIM2_CH1_ETR.ConfNb=3
SH.S_TIM3_CH1.0=TIM3_CH1,Input_Capture1_from_TI1
SH.S_TIM3_CH1.1=TIM3_CH1,Input_Capture2_from_TI1
SH.S_TIM3_CH1.2=TIM3_CH1,TriggerSource_TI1FP1
SH.S_TIM3_CH1.ConfNb=3
TIM1.Channel-Input_Capture2_from_TI1=TIM_CHANNEL_2
TIM1.ICPolarity_CH2=TIM_INPUTCHANNELPOLARITY_FALLING
TIM1.IPParameters=Channel-Input_Capture2_from_TI1,Prescaler,Period,ICPolarity_CH2
TIM1.Period=65535
TIM1.Prescaler=630
TIM15.Channel-Input_Capture2_from_TI1=TIM_CHANNEL_2
TIM15.ICPolarity_CH2=TIM_INPUTCHANNELPOLARITY_FALLING
TIM15.IPParameters=Channel-Input_Capture2_from_TI1,Prescaler,Period,ICPolarity_CH2
TIM15.Period=65535
TIM15.Prescaler=630
TIM16.IPParameters=Prescaler,Period,OCMode_PWM,Pulse,OCFastMode_PWM
TIM16.OCFastMode_PWM=TIM_OCFAST_ENABLE
TIM16.OCMode_PWM=TIM_OCMODE_PWM2
TIM16.Period=65535
TIM16.Prescaler=63
TIM16.Pulse=65526
TIM17.IPParameters=Prescaler,Period,OCMode_PWM,Pulse,OCFastMode_PWM
TIM17.OCFastMode_PWM=TIM_OCFAST_ENABLE
TIM17.OCMode_PWM=TIM_OCMODE_PWM2
TIM17.Period=65535
TIM17.Prescaler=63
TIM17.Pulse=65526
TIM2.Channel-Input_Capture2_from_TI1=TIM_CHANNEL_2
TIM2.ICPolarity_CH2=TIM_INPUTCHANNELPOLARITY_FALLING
TIM2.IPParameters=Channel-Input_Capture2_from_TI1,Prescaler,Period,ICPolarity_CH2
TIM2.Period=65535
TIM2.Prescaler=630
TIM3.Channel-Input_Capture2_from_TI1=TIM_CHANNEL_2
TIM3.ICPolarity_CH2=TIM_INPUTCHANNELPOLARITY_FALLING
TIM3.IPParameters=Channel-Input_Capture2_from_TI1,Prescaler,Period,ICPolarity_CH2
TIM3.Period=65535
TIM3.Prescaler=630
TIM6.IPParameters=Prescaler,Period
TIM6.Period=1000
TIM6.Prescaler=6400
USART1.BaudRate=115200
USART1.IPParameters=WordLength,BaudRate
USART1.WordLength=UART_WORDLENGTH_8B
VP_TIM15_VS_ClockSourceINT.Mode=Internal
VP_TIM15_VS_ClockSourceINT.Signal=TIM15_VS_ClockSourceINT
VP_TIM15_VS_ControllerModeReset.Mode=Reset Mode
VP_TIM15_VS_ControllerModeReset.Signal=TIM15_VS_ControllerModeReset
VP_TIM16_VS_ClockSourceINT.Mode=Enable_Timer
VP_TIM16_VS_ClockSourceINT.Signal=TIM16_VS_ClockSourceINT
VP_TIM16_VS_OPM.Mode=OPM_bit
VP_TIM16_VS_OPM.Signal=TIM16_VS_OPM
VP_TIM17_VS_ClockSourceINT.Mode=Enable_Timer
VP_TIM17_VS_ClockSourceINT.Signal=TIM17_VS_ClockSourceINT
VP_TIM17_VS_OPM.Mode=OPM_bit
VP_TIM17_VS_OPM.Signal=TIM17_VS_OPM
VP_TIM1_VS_ClockSourceINT.Mode=Internal
VP_TIM1_VS_ClockSourceINT.Signal=TIM1_VS_ClockSourceINT
VP_TIM1_VS_ControllerModeReset.Mode=Reset Mode
VP_TIM1_VS_ControllerModeReset.Signal=TIM1_VS_ControllerModeReset
VP_TIM2_VS_ClockSourceINT.Mode=Internal
VP_TIM2_VS_ClockSourceINT.Signal=TIM2_VS_ClockSourceINT
VP_TIM2_VS_ControllerModeReset.Mode=Reset Mode
VP_TIM2_VS_ControllerModeReset.Signal=TIM2_VS_ControllerModeReset
VP_TIM3_VS_ClockSourceINT.Mode=Internal
VP_TIM3_VS_ClockSourceINT.Signal=TIM3_VS_ClockSourceINT
VP_TIM3_VS_ControllerModeReset.Mode=Reset Mode
VP_TIM3_VS_ControllerModeReset.Signal=TIM3_VS_ControllerModeReset
VP_TIM6_VS_ClockSourceINT.Mode=Enable_Timer
VP_TIM6_VS_ClockSourceINT.Signal=TIM6_VS_ClockSourceINT
board=NUCLEO-F303K8
boardIOC=true
