#MicroXplorer Configuration settings - do not modify
File.Version=5
KeepUserPlacement=true
Mcu.Family=STM32F4
Mcu.IP0=NVIC
Mcu.IP1=RCC
Mcu.IP2=SYS
Mcu.IP3=TIM1
Mcu.IP4=TIM2
Mcu.IP5=TIM3
Mcu.IP6=TIM4
Mcu.IP7=TIM10
Mcu.IP8=TIM11
Mcu.IP9=USART2
Mcu.IPNb=10
Mcu.Name=STM32F401R(D-E)Tx
Mcu.Package=LQFP64
Mcu.Pin0=PC13-ANTI_TAMP
Mcu.Pin1=PC14-OSC32_IN
Mcu.Pin10=PA8
Mcu.Pin11=PA13
Mcu.Pin12=PA14
Mcu.Pin13=PB3
Mcu.Pin14=PB6
Mcu.Pin15=PB8
Mcu.Pin16=PB9
Mcu.Pin17=VP_TIM1_VS_ControllerModeReset
Mcu.Pin18=VP_TIM1_VS_ClockSourceINT
Mcu.Pin19=VP_TIM2_VS_ControllerModeReset
Mcu.Pin2=PC15-OSC32_OUT
Mcu.Pin20=VP_TIM2_VS_ClockSourceINT
Mcu.Pin21=VP_TIM3_VS_ControllerModeReset
Mcu.Pin22=VP_TIM3_VS_ClockSourceINT
Mcu.Pin23=VP_TIM4_VS_ControllerModeReset
Mcu.Pin24=VP_TIM4_VS_ClockSourceINT
Mcu.Pin25=VP_TIM10_VS_ClockSourceINT
Mcu.Pin26=VP_TIM10_VS_OPM
Mcu.Pin27=VP_TIM11_VS_ClockSourceINT
Mcu.Pin28=VP_TIM11_VS_OPM
Mcu.Pin3=PH0 - OSC_IN
Mcu.Pin4=PH1 - OSC_OUT
Mcu.Pin5=PA0-WKUP
Mcu.Pin6=PA2
Mcu.Pin7=PA3
Mcu.Pin8=PA5
Mcu.Pin9=PA6
Mcu.PinsNb=29
Mcu.UserConstants=
Mcu.UserName=STM32F401RETx
MxCube.Version=4.12.0
MxDb.Version=DB.4.0.120
NVIC.PriorityGroup=NVIC_PRIORITYGROUP_0
NVIC.SysTick_IRQn=true\:0\:0\:false
NVIC.TIM1_BRK_TIM9_IRQn=true\:0\:0\:false
NVIC.TIM2_IRQn=true\:0\:0\:false
NVIC.TIM3_IRQn=true\:0\:0\:false
NVIC.TIM4_IRQn=true\:0\:0\:false
PA0-WKUP.GPIOParameters=GPIO_Label
PA0-WKUP.GPIO_Label=ECHO_SONAR_1
PA0-WKUP.Locked=true
PA0-WKUP.Signal=S_TIM2_CH1_ETR
PA13.GPIOParameters=GPIO_Label
PA13.GPIO_Label=TMS
PA13.Locked=true
PA13.Mode=Trace-Asynchronous_SW
PA13.Signal=SYS_JTMS-SWDIO
PA14.GPIOParameters=GPIO_Label
PA14.GPIO_Label=TCK
PA14.Locked=true
PA14.Mode=Trace-Asynchronous_SW
PA14.Signal=SYS_JTCK-SWCLK
PA2.GPIOParameters=GPIO_Speed,GPIO_PuPd,GPIO_Label,GPIO_Mode
PA2.GPIO_Label=USART_TX
PA2.GPIO_Mode=GPIO_MODE_AF_PP
PA2.GPIO_PuPd=GPIO_NOPULL
PA2.GPIO_Speed=GPIO_SPEED_LOW
PA2.Locked=true
PA2.Mode=Asynchronous
PA2.Signal=USART2_TX
PA3.GPIOParameters=GPIO_Speed,GPIO_PuPd,GPIO_Label,GPIO_Mode
PA3.GPIO_Label=USART_RX
PA3.GPIO_Mode=GPIO_MODE_AF_PP
PA3.GPIO_PuPd=GPIO_NOPULL
PA3.GPIO_Speed=GPIO_SPEED_LOW
PA3.Locked=true
PA3.Mode=Asynchronous
PA3.Signal=USART2_RX
PA5.GPIOParameters=GPIO_Speed,GPIO_PuPd,GPIO_Label,GPIO_Mode
PA5.GPIO_Label=LD2 [Green Led]
PA5.GPIO_Mode=GPIO_MODE_OUTPUT_PP
PA5.GPIO_PuPd=GPIO_NOPULL
PA5.GPIO_Speed=GPIO_SPEED_LOW
PA5.Locked=true
PA5.Signal=GPIO_Output
PA6.GPIOParameters=GPIO_Label
PA6.GPIO_Label=ECHO_SONAR_2
PA6.Locked=true
PA6.Signal=S_TIM3_CH1
PA8.GPIOParameters=GPIO_Label
PA8.GPIO_Label=ECHO_SONAR_0
PA8.Locked=true
PA8.Signal=S_TIM1_CH1
PB3.GPIOParameters=GPIO_Label
PB3.GPIO_Label=SWO
PB3.Locked=true
PB3.Mode=Trace-Asynchronous_SW
PB3.Signal=SYS_JTDO-SWO
PB6.GPIOParameters=GPIO_Label
PB6.GPIO_Label=ECHO_SONAR_3
PB6.Locked=true
PB6.Signal=S_TIM4_CH1
PB8.GPIOParameters=GPIO_Label
PB8.GPIO_Label=TRIGGER_SONAR_0-2
PB8.Locked=true
PB8.Signal=S_TIM10_CH1
PB9.GPIOParameters=GPIO_Label
PB9.GPIO_Label=TRIGGER_SONAR_1-3
PB9.Locked=true
PB9.Signal=S_TIM11_CH1
PC13-ANTI_TAMP.GPIOParameters=GPIO_PuPd,GPIO_Label,GPIO_ModeDefaultEXTI
PC13-ANTI_TAMP.GPIO_Label=B1 [Blue PushButton]
PC13-ANTI_TAMP.GPIO_ModeDefaultEXTI=GPIO_MODE_EVT_RISING
PC13-ANTI_TAMP.GPIO_PuPd=GPIO_NOPULL
PC13-ANTI_TAMP.Locked=true
PC13-ANTI_TAMP.Signal=GPXTI13
PC14-OSC32_IN.Locked=true
PC14-OSC32_IN.Signal=RCC_OSC32_IN
PC15-OSC32_OUT.Locked=true
PC15-OSC32_OUT.Signal=RCC_OSC32_OUT
PCC.Checker=false
PCC.Line=STM32F401
PCC.MCU=STM32F401R(D-E)Tx
PCC.MXVersion=4.12.0
PCC.PartNumber=STM32F401RETx
PCC.Seq0=0
PCC.Series=STM32F4
PCC.Temperature=25
PCC.Vdd=null
PH0\ -\ OSC_IN.Locked=true
PH0\ -\ OSC_IN.Signal=RCC_OSC_IN
PH1\ -\ OSC_OUT.Locked=true
PH1\ -\ OSC_OUT.Signal=RCC_OSC_OUT
ProjectManager.AskForMigrate=true
ProjectManager.BackupPrevious=true
ProjectManager.CompilerOptimize=2
ProjectManager.ComputerToolchain=false
ProjectManager.CoupleFile=true
ProjectManager.DeletePrevious=true
ProjectManager.DeviceId=STM32F401RETx
ProjectManager.FirmwarePackage=STM32Cube FW_F4 V1.10.1
ProjectManager.FreePins=false
ProjectManager.HalAssertFull=true
ProjectManager.KeepUserCode=true
ProjectManager.LastFirmware=true
ProjectManager.LibraryCopy=0
ProjectManager.ProjectBuild=false
ProjectManager.ProjectFileName=SonarBoard.ioc
ProjectManager.ProjectName=SonarBoard
ProjectManager.TargetToolchain=SW4STM32
ProjectManager.ToolChainLocation=
RCC.AHBFreq_Value=84000000
RCC.APB1CLKDivider=RCC_HCLK_DIV2
RCC.APB1Freq_Value=42000000
RCC.APB1TimFreq_Value=84000000
RCC.APB2Freq_Value=84000000
RCC.APB2TimFreq_Value=84000000
RCC.CortexFreq_Value=84000000
RCC.FCLKCortexFreq_Value=84000000
RCC.HCLKFreq_Value=84000000
RCC.HSE_VALUE=8000000
RCC.HSI_VALUE=16000000
RCC.I2SClocksFreq_Value=96000000
RCC.IPParameters=LSE_VALUE,PLLP,SYSCLKSource,APB1CLKDivider,PLLN,HSE_VALUE,HSI_VALUE,PLLQ,LSI_VALUE,RTCHSEDivFreq_Value,RTCFreq_Value,VCOInputFreq_Value,VCOOutputFreq_Value,PLLCLKFreq_Value,SYSCLKFreq_VALUE,AHBFreq_Value,HCLKFreq_Value,CortexFreq_Value,FCLKCortexFreq_Value,APB1Freq_Value,APB1TimFreq_Value,APB2Freq_Value,APB2TimFreq_Value,PLLQCLKFreq_Value,VCOI2SOutputFreq_Value,VcooutputI2S,I2SClocksFreq_Value,MCO2PinFreq_Value
RCC.LSE_VALUE=32768
RCC.LSI_VALUE=32000
RCC.MCO2PinFreq_Value=84000000
RCC.PLLCLKFreq_Value=84000000
RCC.PLLN=336
RCC.PLLP=RCC_PLLP_DIV4
RCC.PLLQ=7
RCC.PLLQCLKFreq_Value=48000000
RCC.RTCFreq_Value=32000
RCC.RTCHSEDivFreq_Value=4000000
RCC.SYSCLKFreq_VALUE=84000000
RCC.SYSCLKSource=RCC_SYSCLKSOURCE_PLLCLK
RCC.VCOI2SOutputFreq_Value=192000000
RCC.VCOInputFreq_Value=1000000
RCC.VCOOutputFreq_Value=336000000
RCC.VcooutputI2S=96000000
SH.GPXTI13.0=GPIO_EXTI13
SH.GPXTI13.ConfNb=1
SH.S_TIM10_CH1.0=TIM10_CH1,PWM Generation1 CH1
SH.S_TIM10_CH1.ConfNb=1
SH.S_TIM11_CH1.0=TIM11_CH1,PWM Generation1 CH1
SH.S_TIM11_CH1.ConfNb=1
SH.S_TIM1_CH1.0=TIM1_CH1,TriggerSource_TI1FP1
SH.S_TIM1_CH1.1=TIM1_CH1,Input_Capture1_from_TI1
SH.S_TIM1_CH1.2=TIM1_CH1,Input_Capture2_from_TI1
SH.S_TIM1_CH1.ConfNb=3
SH.S_TIM2_CH1_ETR.0=TIM2_CH1,TriggerSource_TI1FP1
SH.S_TIM2_CH1_ETR.1=TIM2_CH1,Input_Capture1_from_TI1
SH.S_TIM2_CH1_ETR.2=TIM2_CH1,Input_Capture2_from_TI1
SH.S_TIM2_CH1_ETR.ConfNb=3
SH.S_TIM3_CH1.0=TIM3_CH1,TriggerSource_TI1FP1
SH.S_TIM3_CH1.1=TIM3_CH1,Input_Capture1_from_TI1
SH.S_TIM3_CH1.2=TIM3_CH1,Input_Capture2_from_TI1
SH.S_TIM3_CH1.ConfNb=3
SH.S_TIM4_CH1.0=TIM4_CH1,TriggerSource_TI1FP1
SH.S_TIM4_CH1.1=TIM4_CH1,Input_Capture1_from_TI1
SH.S_TIM4_CH1.2=TIM4_CH1,Input_Capture2_from_TI1
SH.S_TIM4_CH1.ConfNb=3
TIM1.Channel-Input_Capture2_from_TI1=TIM_CHANNEL_2
TIM1.IPParameters=Channel-Input_Capture2_from_TI1,Period,Prescaler
TIM1.Period=65535
TIM1.Prescaler=83
TIM10.IPParameters=Prescaler,Period
TIM10.Period=65535
TIM10.Prescaler=83
TIM11.IPParameters=Prescaler,Period
TIM11.Period=65535
TIM11.Prescaler=83
TIM2.Channel-Input_Capture2_from_TI1=TIM_CHANNEL_2
TIM2.IPParameters=Channel-Input_Capture2_from_TI1,Prescaler,Period
TIM2.Period=65535
TIM2.Prescaler=83
TIM3.Channel-Input_Capture2_from_TI1=TIM_CHANNEL_2
TIM3.IPParameters=Channel-Input_Capture2_from_TI1,Prescaler,Period
TIM3.Period=65535
TIM3.Prescaler=83
TIM4.Channel-Input_Capture2_from_TI1=TIM_CHANNEL_2
TIM4.IPParameters=Channel-Input_Capture2_from_TI1,Prescaler,Period
TIM4.Period=65535
TIM4.Prescaler=83
VP_TIM10_VS_ClockSourceINT.Mode=Enable_Timer
VP_TIM10_VS_ClockSourceINT.Signal=TIM10_VS_ClockSourceINT
VP_TIM10_VS_OPM.Mode=OPM_bit
VP_TIM10_VS_OPM.Signal=TIM10_VS_OPM
VP_TIM11_VS_ClockSourceINT.Mode=Enable_Timer
VP_TIM11_VS_ClockSourceINT.Signal=TIM11_VS_ClockSourceINT
VP_TIM11_VS_OPM.Mode=OPM_bit
VP_TIM11_VS_OPM.Signal=TIM11_VS_OPM
VP_TIM1_VS_ClockSourceINT.Mode=Internal
VP_TIM1_VS_ClockSourceINT.Signal=TIM1_VS_ClockSourceINT
VP_TIM1_VS_ControllerModeReset.Mode=Reset Mode
VP_TIM1_VS_ControllerModeReset.Signal=TIM1_VS_ControllerModeReset
VP_TIM2_VS_ClockSourceINT.Mode=Internal
VP_TIM2_VS_ClockSourceINT.Signal=TIM2_VS_ClockSourceINT
VP_TIM2_VS_ControllerModeReset.Mode=Reset Mode
VP_TIM2_VS_ControllerModeReset.Signal=TIM2_VS_ControllerModeReset
VP_TIM3_VS_ClockSourceINT.Mode=Internal
VP_TIM3_VS_ClockSourceINT.Signal=TIM3_VS_ClockSourceINT
VP_TIM3_VS_ControllerModeReset.Mode=Reset Mode
VP_TIM3_VS_ControllerModeReset.Signal=TIM3_VS_ControllerModeReset
VP_TIM4_VS_ClockSourceINT.Mode=Internal
VP_TIM4_VS_ClockSourceINT.Signal=TIM4_VS_ClockSourceINT
VP_TIM4_VS_ControllerModeReset.Mode=Reset Mode
VP_TIM4_VS_ControllerModeReset.Signal=TIM4_VS_ControllerModeReset
board=NUCLEO-F401RE
boardIOC=true
